
Microsoft Visual Studio Solution File, Format Version 12.00
# Visual Studio Version 16
VisualStudioVersion = 16.0.30011.22
MinimumVisualStudioVersion = 10.0.40219.1
Project("{FAE04EC0-301F-11D3-BF4B-00C04F79EFBC}") = "Framework dont vous etes le heros", "Framework dont vous etes le heros.csproj", "{CAF9E245-2143-4AEA-A1B8-07F9234C636A}"
EndProject
Global
	GlobalSection(SolutionConfigurationPlatforms) = preSolution
		Debug|Any CPU = Debug|Any CPU
		Release|Any CPU = Release|Any CPU
	EndGlobalSection
	GlobalSection(ProjectConfigurationPlatforms) = postSolution
		{CAF9E245-2143-4AEA-A1B8-07F9234C636A}.Debug|Any CPU.ActiveCfg = Debug|Any CPU
		{CAF9E245-2143-4AEA-A1B8-07F9234C636A}.Debug|Any CPU.Build.0 = Debug|Any CPU
		{CAF9E245-2143-4AEA-A1B8-07F9234C636A}.Release|Any CPU.ActiveCfg = Release|Any CPU
		{CAF9E245-2143-4AEA-A1B8-07F9234C636A}.Release|Any CPU.Build.0 = Release|Any CPU
	EndGlobalSection
	GlobalSection(SolutionProperties) = preSolution
		HideSolutionNode = FALSE
	EndGlobalSection
	GlobalSection(ExtensibilityGlobals) = postSolution
		SolutionGuid = {66810EA6-D425-4E9A-8A38-E0DE7BDE08F5}
	EndGlobalSection
EndGlobal
